Microsoft Visual Studio Solution File, Format Version 12.00
# Visual Studio Version 17
VisualStudioVersion = 17.5.2.0
MinimumVisualStudioVersion = 10.0.40219.1
Project("{FAE04EC0-301F-11D3-BF4B-00C04F79EFBC}") = "932305.savchuk.roman.lab12", "932305.savchuk.roman.lab12.csproj", "{A76C72DD-C1D2-CF84-C228-16F2196F6F48}"
EndProject
Global
	GlobalSection(SolutionConfigurationPlatforms) = preSolution
		Debug|Any CPU = Debug|Any CPU
		Release|Any CPU = Release|Any CPU
	EndGlobalSection
	GlobalSection(ProjectConfigurationPlatforms) = postSolution
		{A76C72DD-C1D2-CF84-C228-16F2196F6F48}.Debug|Any CPU.ActiveCfg = Debug|Any CPU
		{A76C72DD-C1D2-CF84-C228-16F2196F6F48}.Debug|Any CPU.Build.0 = Debug|Any CPU
		{A76C72DD-C1D2-CF84-C228-16F2196F6F48}.Release|Any CPU.ActiveCfg = Release|Any CPU
		{A76C72DD-C1D2-CF84-C228-16F2196F6F48}.Release|Any CPU.Build.0 = Release|Any CPU
	EndGlobalSection
	GlobalSection(SolutionProperties) = preSolution
		HideSolutionNode = FALSE
	EndGlobalSection
	GlobalSection(ExtensibilityGlobals) = postSolution
		SolutionGuid = {1DFCE748-C67C-418F-9411-036A7F1431EA}
	EndGlobalSection
EndGlobal
